
Microsoft Visual Studio Solution File, Format Version 12.00
# Visual Studio Version 17
VisualStudioVersion = 17.5.001.0
MinimumVisualStudioVersion = 10.0.40219.1
Project("{9A19103F-16F7-4668-BE54-9A1E7A4F7556}") = "utils", "utils.csproj", "{927D418A-BEBD-47BA-A26D-BEAFD978BFF0}"
EndProject
Project("{FAE04EC0-301F-11D3-BF4B-00C04F79EFBC}") = "AbstractionExercises", "..\..\..\_homework\AbstractionExercises\AbstractionExercises.csproj", "{555C8459-0037-46E0-A858-811DA1BA96ED}"
EndProject
Global
	GlobalSection(SolutionConfigurationPlatforms) = preSolution
		Debug|Any CPU = Debug|Any CPU
		Release|Any CPU = Release|Any CPU
	EndGlobalSection
	GlobalSection(ProjectConfigurationPlatforms) = postSolution
		{927D418A-BEBD-47BA-A26D-BEAFD978BFF0}.Debug|Any CPU.ActiveCfg = Debug|Any CPU
		{927D418A-BEBD-47BA-A26D-BEAFD978BFF0}.Debug|Any CPU.Build.0 = Debug|Any CPU
		{927D418A-BEBD-47BA-A26D-BEAFD978BFF0}.Release|Any CPU.ActiveCfg = Release|Any CPU
		{927D418A-BEBD-47BA-A26D-BEAFD978BFF0}.Release|Any CPU.Build.0 = Release|Any CPU
		{555C8459-0037-46E0-A858-811DA1BA96ED}.Debug|Any CPU.ActiveCfg = Debug|Any CPU
		{555C8459-0037-46E0-A858-811DA1BA96ED}.Debug|Any CPU.Build.0 = Debug|Any CPU
		{555C8459-0037-46E0-A858-811DA1BA96ED}.Release|Any CPU.ActiveCfg = Release|Any CPU
		{555C8459-0037-46E0-A858-811DA1BA96ED}.Release|Any CPU.Build.0 = Release|Any CPU
	EndGlobalSection
	GlobalSection(SolutionProperties) = preSolution
		HideSolutionNode = FALSE
	EndGlobalSection
	GlobalSection(ExtensibilityGlobals) = postSolution
		SolutionGuid = {1576DC2F-2376-4670-ABDE-5CA04DB9C431}
	EndGlobalSection
EndGlobal
